
Microsoft Visual Studio Solution File, Format Version 12.00
# Visual Studio 15
VisualStudioVersion = 15.0.28010.2046
MinimumVisualStudioVersion = 10.0.40219.1
Project("{8BC9CEB8-8B4A-11D0-8D11-00A0C91BC942}") = "JEngineTest", "JEngineTest\JEngineTest.vcxproj", "{A6012EEF-7870-489E-A9A9-7EF0A5D1A044}"
EndProject
Project("{8BC9CEB8-8B4A-11D0-8D11-00A0C91BC942}") = "D3D12Multithreading", "D3D12Multithreading\D3D12Multithreading.vcxproj", "{DB29B6A8-03BD-43AC-AC5E-174A10796B93}"
EndProject
Project("{8BC9CEB8-8B4A-11D0-8D11-00A0C91BC942}") = "DX12SampleBox", "DX12SampleBox\DX12SampleBox.vcxproj", "{06832DA4-2132-4A29-92CE-86FDD9D29FF6}"
EndProject
Project("{8BC9CEB8-8B4A-11D0-8D11-00A0C91BC942}") = "ThreadEx", "ThreadEx\ThreadEx.vcxproj", "{2EDC8327-2A90-42DF-9E6C-0D2EC4AF0ADE}"
EndProject
Project("{8BC9CEB8-8B4A-11D0-8D11-00A0C91BC942}") = "DX12FrameBuffering", "DX12FrameBuffering\DX12FrameBuffering.vcxproj", "{3DED620A-BA72-4F50-BFC5-1795B25466EE}"
EndProject
Global
	GlobalSection(SolutionConfigurationPlatforms) = preSolution
		Debug|x64 = Debug|x64
		Debug|x86 = Debug|x86
		Release|x64 = Release|x64
		Release|x86 = Release|x86
	EndGlobalSection
	GlobalSection(ProjectConfigurationPlatforms) = postSolution
		{A6012EEF-7870-489E-A9A9-7EF0A5D1A044}.Debug|x64.ActiveCfg = Debug|x64
		{A6012EEF-7870-489E-A9A9-7EF0A5D1A044}.Debug|x64.Build.0 = Debug|x64
		{A6012EEF-7870-489E-A9A9-7EF0A5D1A044}.Debug|x86.ActiveCfg = Debug|Win32
		{A6012EEF-7870-489E-A9A9-7EF0A5D1A044}.Debug|x86.Build.0 = Debug|Win32
		{A6012EEF-7870-489E-A9A9-7EF0A5D1A044}.Release|x64.ActiveCfg = Release|x64
		{A6012EEF-7870-489E-A9A9-7EF0A5D1A044}.Release|x64.Build.0 = Release|x64
		{A6012EEF-7870-489E-A9A9-7EF0A5D1A044}.Release|x86.ActiveCfg = Release|Win32
		{A6012EEF-7870-489E-A9A9-7EF0A5D1A044}.Release|x86.Build.0 = Release|Win32
		{DB29B6A8-03BD-43AC-AC5E-174A10796B93}.Debug|x64.ActiveCfg = Debug|x64
		{DB29B6A8-03BD-43AC-AC5E-174A10796B93}.Debug|x64.Build.0 = Debug|x64
		{DB29B6A8-03BD-43AC-AC5E-174A10796B93}.Debug|x86.ActiveCfg = Debug|Win32
		{DB29B6A8-03BD-43AC-AC5E-174A10796B93}.Debug|x86.Build.0 = Debug|Win32
		{DB29B6A8-03BD-43AC-AC5E-174A10796B93}.Release|x64.ActiveCfg = Release|x64
		{DB29B6A8-03BD-43AC-AC5E-174A10796B93}.Release|x64.Build.0 = Release|x64
		{DB29B6A8-03BD-43AC-AC5E-174A10796B93}.Release|x86.ActiveCfg = Release|Win32
		{DB29B6A8-03BD-43AC-AC5E-174A10796B93}.Release|x86.Build.0 = Release|Win32
		{06832DA4-2132-4A29-92CE-86FDD9D29FF6}.Debug|x64.ActiveCfg = Debug|x64
		{06832DA4-2132-4A29-92CE-86FDD9D29FF6}.Debug|x64.Build.0 = Debug|x64
		{06832DA4-2132-4A29-92CE-86FDD9D29FF6}.Debug|x86.ActiveCfg = Debug|Win32
		{06832DA4-2132-4A29-92CE-86FDD9D29FF6}.Debug|x86.Build.0 = Debug|Win32
		{06832DA4-2132-4A29-92CE-86FDD9D29FF6}.Release|x64.ActiveCfg = Release|x64
		{06832DA4-2132-4A29-92CE-86FDD9D29FF6}.Release|x64.Build.0 = Release|x64
		{06832DA4-2132-4A29-92CE-86FDD9D29FF6}.Release|x86.ActiveCfg = Release|Win32
		{06832DA4-2132-4A29-92CE-86FDD9D29FF6}.Release|x86.Build.0 = Release|Win32
		{2EDC8327-2A90-42DF-9E6C-0D2EC4AF0ADE}.Debug|x64.ActiveCfg = Debug|x64
		{2EDC8327-2A90-42DF-9E6C-0D2EC4AF0ADE}.Debug|x64.Build.0 = Debug|x64
		{2EDC8327-2A90-42DF-9E6C-0D2EC4AF0ADE}.Debug|x86.ActiveCfg = Debug|Win32
		{2EDC8327-2A90-42DF-9E6C-0D2EC4AF0ADE}.Debug|x86.Build.0 = Debug|Win32
		{2EDC8327-2A90-42DF-9E6C-0D2EC4AF0ADE}.Release|x64.ActiveCfg = Release|x64
		{2EDC8327-2A90-42DF-9E6C-0D2EC4AF0ADE}.Release|x64.Build.0 = Release|x64
		{2EDC8327-2A90-42DF-9E6C-0D2EC4AF0ADE}.Release|x86.ActiveCfg = Release|Win32
		{2EDC8327-2A90-42DF-9E6C-0D2EC4AF0ADE}.Release|x86.Build.0 = Release|Win32
		{3DED620A-BA72-4F50-BFC5-1795B25466EE}.Debug|x64.ActiveCfg = Debug|x64
		{3DED620A-BA72-4F50-BFC5-1795B25466EE}.Debug|x64.Build.0 = Debug|x64
		{3DED620A-BA72-4F50-BFC5-1795B25466EE}.Debug|x86.ActiveCfg = Debug|Win32
		{3DED620A-BA72-4F50-BFC5-1795B25466EE}.Debug|x86.Build.0 = Debug|Win32
		{3DED620A-BA72-4F50-BFC5-1795B25466EE}.Release|x64.ActiveCfg = Release|x64
		{3DED620A-BA72-4F50-BFC5-1795B25466EE}.Release|x64.Build.0 = Release|x64
		{3DED620A-BA72-4F50-BFC5-1795B25466EE}.Release|x86.ActiveCfg = Release|Win32
		{3DED620A-BA72-4F50-BFC5-1795B25466EE}.Release|x86.Build.0 = Release|Win32
	EndGlobalSection
	GlobalSection(SolutionProperties) = preSolution
		HideSolutionNode = FALSE
	EndGlobalSection
	GlobalSection(ExtensibilityGlobals) = postSolution
		SolutionGuid = {79E06E02-2808-409A-A76E-878C4E36B300}
	EndGlobalSection
EndGlobal
